
Microsoft Visual Studio Solution File, Format Version 12.00
# Visual Studio 15
VisualStudioVersion = 15.0.28307.489
MinimumVisualStudioVersion = 10.0.40219.1
Project("{FAE04EC0-301F-11D3-BF4B-00C04F79EFBC}") = "ServerApplication", "ServerApplication\ServerApplication.csproj", "{DABBDCC9-CFFC-4926-B2DC-AA28597319D4}"
EndProject
Global
	GlobalSection(SolutionConfigurationPlatforms) = preSolution
		Debug|Any CPU = Debug|Any CPU
		Release|Any CPU = Release|Any CPU
	EndGlobalSection
	GlobalSection(ProjectConfigurationPlatforms) = postSolution
		{DABBDCC9-CFFC-4926-B2DC-AA28597319D4}.Debug|Any CPU.ActiveCfg = Debug|Any CPU
		{DABBDCC9-CFFC-4926-B2DC-AA28597319D4}.Debug|Any CPU.Build.0 = Debug|Any CPU
		{DABBDCC9-CFFC-4926-B2DC-AA28597319D4}.Release|Any CPU.ActiveCfg = Release|Any CPU
		{DABBDCC9-CFFC-4926-B2DC-AA28597319D4}.Release|Any CPU.Build.0 = Release|Any CPU
	EndGlobalSection
	GlobalSection(SolutionProperties) = preSolution
		HideSolutionNode = FALSE
	EndGlobalSection
	GlobalSection(ExtensibilityGlobals) = postSolution
		SolutionGuid = {4E74A7D2-2B77-44D4-862E-75857D1171B2}
	EndGlobalSection
EndGlobal
